// !$*UTF8*$!
{
	archiveVersion = 1;
	classes = {
	};
	objectVersion = 56;
	objects = {

/* Begin PBXBuildFile section */
		1D060C332E79BAE0009286AF /* AppDelegate.swift in Sources */ = {isa = PBXBuildFile; fileRef = 1D060C322E79BAE0009286AF /* AppDelegate.swift */; };
		1D060C352E79BAE0009286AF /* SceneDelegate.swift in Sources */ = {isa = PBXBuildFile; fileRef = 1D060C342E79BAE0009286AF /* SceneDelegate.swift */; };
		1D060C372E79BAE0009286AF /* ViewController.swift in Sources */ = {isa = PBXBuildFile; fileRef = 1D060C362E79BAE0009286AF /* ViewController.swift */; };
		1D060C3A2E79BAE0009286AF /* Main.storyboard in Resources */ = {isa = PBXBuildFile; fileRef = 1D060C382E79BAE0009286AF /* Main.storyboard */; };
		1D060C3C2E79BAE1009286AF /* Assets.xcassets in Resources */ = {isa = PBXBuildFile; fileRef = 1D060C3B2E79BAE1009286AF /* Assets.xcassets */; };
		1D060C3F2E79BAE1009286AF /* LaunchScreen.storyboard in Resources */ = {isa = PBXBuildFile; fileRef = 1D060C3D2E79BAE1009286AF /* LaunchScreen.storyboard */; };
		1D060C4A2E79BAE2009286AF /* MasterDetailAppTests.swift in Sources */ = {isa = PBXBuildFile; fileRef = 1D060C492E79BAE2009286AF /* MasterDetailAppTests.swift */; };
		1D060C542E79BAE2009286AF /* MasterDetailAppUITests.swift in Sources */ = {isa = PBXBuildFile; fileRef = 1D060C532E79BAE2009286AF /* MasterDetailAppUITests.swift */; };
		1D060C562E79BAE2009286AF /* MasterDetailAppUITestsLaunchTests.swift in Sources */ = {isa = PBXBuildFile; fileRef = 1D060C552E79BAE2009286AF /* MasterDetailAppUITestsLaunchTests.swift */; };
		1D060C632E79BD0D009286AF /* ItemModel.swift in Sources */ = {isa = PBXBuildFile; fileRef = 1D060C622E79BD0D009286AF /* ItemModel.swift */; };
		1D060C652E79BD9C009286AF /* MasterViewController.swift in Sources */ = {isa = PBXBuildFile; fileRef = 1D060C642E79BD9C009286AF /* MasterViewController.swift */; };
		1D060C672E79C05F009286AF /* DetaildViewController.swift in Sources */ = {isa = PBXBuildFile; fileRef = 1D060C662E79C05F009286AF /* DetaildViewController.swift */; };
/* End PBXBuildFile section */

/* Begin PBXContainerItemProxy section */
		1D060C462E79BAE2009286AF /* PBXContainerItemProxy */ = {
			isa = PBXContainerItemProxy;
			containerPortal = 1D060C272E79BAE0009286AF /* Project object */;
			proxyType = 1;
			remoteGlobalIDString = 1D060C2E2E79BAE0009286AF;
			remoteInfo = MasterDetailApp;
		};
		1D060C502E79BAE2009286AF /* PBXContainerItemProxy */ = {
			isa = PBXContainerItemProxy;
			containerPortal = 1D060C272E79BAE0009286AF /* Project object */;
			proxyType = 1;
			remoteGlobalIDString = 1D060C2E2E79BAE0009286AF;
			remoteInfo = MasterDetailApp;
		};
/* End PBXContainerItemProxy section */

/* Begin PBXFileReference section */
		1D060C2F2E79BAE0009286AF /* MasterDetailApp.app */ = {isa = PBXFileReference; explicitFileType = wrapper.application; includeInIndex = 0; path = MasterDetailApp.app; sourceTree = BUILT_PRODUCTS_DIR; };
		1D060C322E79BAE0009286AF /* AppDelegate.swift */ = {isa = PBXFileReference; lastKnownFileType = sourcecode.swift; path = AppDelegate.swift; sourceTree = "<group>"; };
		1D060C342E79BAE0009286AF /* SceneDelegate.swift */ = {isa = PBXFileReference; lastKnownFileType = sourcecode.swift; path = SceneDelegate.swift; sourceTree = "<group>"; };
		1D060C362E79BAE0009286AF /* ViewController.swift */ = {isa = PBXFileReference; lastKnownFileType = sourcecode.swift; path = ViewController.swift; sourceTree = "<group>"; };
		1D060C392E79BAE0009286AF /* Base */ = {isa = PBXFileReference; lastKnownFileType = file.storyboard; name = Base; path = Base.lproj/Main.storyboard; sourceTree = "<group>"; };
		1D060C3B2E79BAE1009286AF /* Assets.xcassets */ = {isa = PBXFileReference; lastKnownFileType = folder.assetcatalog; path = Assets.xcassets; sourceTree = "<group>"; };
		1D060C3E2E79BAE1009286AF /* Base */ = {isa = PBXFileReference; lastKnownFileType = file.storyboard; name = Base; path = Base.lproj/LaunchScreen.storyboard; sourceTree = "<group>"; };
		1D060C402E79BAE1009286AF /* Info.plist */ = {isa = PBXFileReference; lastKnownFileType = text.plist.xml; path = Info.plist; sourceTree = "<group>"; };
		1D060C452E79BAE2009286AF /* MasterDetailAppTests.xctest */ = {isa = PBXFileReference; explicitFileType = wrapper.cfbundle; includeInIndex = 0; path = MasterDetailAppTests.xctest; sourceTree = BUILT_PRODUCTS_DIR; };
		1D060C492E79BAE2009286AF /* MasterDetailAppTests.swift */ = {isa = PBXFileReference; lastKnownFileType = sourcecode.swift; path = MasterDetailAppTests.swift; sourceTree = "<group>"; };
		1D060C4F2E79BAE2009286AF /* MasterDetailAppUITests.xctest */ = {isa = PBXFileReference; explicitFileType = wrapper.cfbundle; includeInIndex = 0; path = MasterDetailAppUITests.xctest; sourceTree = BUILT_PRODUCTS_DIR; };
		1D060C532E79BAE2009286AF /* MasterDetailAppUITests.swift */ = {isa = PBXFileReference; lastKnownFileType = sourcecode.swift; path = MasterDetailAppUITests.swift; sourceTree = "<group>"; };
		1D060C552E79BAE2009286AF /* MasterDetailAppUITestsLaunchTests.swift */ = {isa = PBXFileReference; lastKnownFileType = sourcecode.swift; path = MasterDetailAppUITestsLaunchTests.swift; sourceTree = "<group>"; };
		1D060C622E79BD0D009286AF /* ItemModel.swift */ = {isa = PBXFileReference; lastKnownFileType = sourcecode.swift; path = ItemModel.swift; sourceTree = "<group>"; };
		1D060C642E79BD9C009286AF /* MasterViewController.swift */ = {isa = PBXFileReference; lastKnownFileType = sourcecode.swift; path = MasterViewController.swift; sourceTree = "<group>"; };
		1D060C662E79C05F009286AF /* DetaildViewController.swift */ = {isa = PBXFileReference; lastKnownFileType = sourcecode.swift; path = DetaildViewController.swift; sourceTree = "<group>"; };
/* End PBXFileReference section */

/* Begin PBXFrameworksBuildPhase section */
		1D060C2C2E79BAE0009286AF /* Frameworks */ = {
			isa = PBXFrameworksBuildPhase;
			buildActionMask = 2147483647;
			files = (
			);
			runOnlyForDeploymentPostprocessing = 0;
		};
		1D060C422E79BAE2009286AF /* Frameworks */ = {
			isa = PBXFrameworksBuildPhase;
			buildActionMask = 2147483647;
			files = (
			);
			runOnlyForDeploymentPostprocessing = 0;
		};
		1D060C4C2E79BAE2009286AF /* Frameworks */ = {
			isa = PBXFrameworksBuildPhase;
			buildActionMask = 2147483647;
			files = (
			);
			runOnlyForDeploymentPostprocessing = 0;
		};
/* End PBXFrameworksBuildPhase section */

/* Begin PBXGroup section */
		1D060C262E79BAE0009286AF = {
			isa = PBXGroup;
			children = (
				1D060C312E79BAE0009286AF /* MasterDetailApp */,
				1D060C482E79BAE2009286AF /* MasterDetailAppTests */,
				1D060C522E79BAE2009286AF /* MasterDetailAppUITests */,
				1D060C302E79BAE0009286AF /* Products */,
			);
			sourceTree = "<group>";
		};
		1D060C302E79BAE0009286AF /* Products */ = {
			isa = PBXGroup;
			children = (
				1D060C2F2E79BAE0009286AF /* MasterDetailApp.app */,
				1D060C452E79BAE2009286AF /* MasterDetailAppTests.xctest */,
				1D060C4F2E79BAE2009286AF /* MasterDetailAppUITests.xctest */,
			);
			name = Products;
			sourceTree = "<group>";
		};
		1D060C312E79BAE0009286AF /* MasterDetailApp */ = {
			isa = PBXGroup;
			children = (
				1D060C322E79BAE0009286AF /* AppDelegate.swift */,
				1D060C342E79BAE0009286AF /* SceneDelegate.swift */,
				1D060C362E79BAE0009286AF /* ViewController.swift */,
				1D060C642E79BD9C009286AF /* MasterViewController.swift */,
				1D060C662E79C05F009286AF /* DetaildViewController.swift */,
				1D060C622E79BD0D009286AF /* ItemModel.swift */,
				1D060C382E79BAE0009286AF /* Main.storyboard */,
				1D060C3B2E79BAE1009286AF /* Assets.xcassets */,
				1D060C3D2E79BAE1009286AF /* LaunchScreen.storyboard */,
				1D060C402E79BAE1009286AF /* Info.plist */,
			);
			path = MasterDetailApp;
			sourceTree = "<group>";
		};
		1D060C482E79BAE2009286AF /* MasterDetailAppTests */ = {
			isa = PBXGroup;
			children = (
				1D060C492E79BAE2009286AF /* MasterDetailAppTests.swift */,
			);
			path = MasterDetailAppTests;
			sourceTree = "<group>";
		};
		1D060C522E79BAE2009286AF /* MasterDetailAppUITests */ = {
			isa = PBXGroup;
			children = (
				1D060C532E79BAE2009286AF /* MasterDetailAppUITests.swift */,
				1D060C552E79BAE2009286AF /* MasterDetailAppUITestsLaunchTests.swift */,
			);
			path = MasterDetailAppUITests;
			sourceTree = "<group>";
		};
/* End PBXGroup section */

/* Begin PBXNativeTarget section */
		1D060C2E2E79BAE0009286AF /* MasterDetailApp */ = {
			isa = PBXNativeTarget;
			buildConfigurationList = 1D060C592E79BAE2009286AF /* Build configuration list for PBXNativeTarget "MasterDetailApp" */;
			buildPhases = (
				1D060C2B2E79BAE0009286AF /* Sources */,
				1D060C2C2E79BAE0009286AF /* Frameworks */,
				1D060C2D2E79BAE0009286AF /* Resources */,
			);
			buildRules = (
			);
			dependencies = (
			);
			name = MasterDetailApp;
			productName = MasterDetailApp;
			productReference = 1D060C2F2E79BAE0009286AF /* MasterDetailApp.app */;
			productType = "com.apple.product-type.application";
		};
		1D060C442E79BAE2009286AF /* MasterDetailAppTests */ = {
			isa = PBXNativeTarget;
			buildConfigurationList = 1D060C5C2E79BAE2009286AF /* Build configuration list for PBXNativeTarget "MasterDetailAppTests" */;
			buildPhases = (
				1D060C412E79BAE2009286AF /* Sources */,
				1D060C422E79BAE2009286AF /* Frameworks */,
				1D060C432E79BAE2009286AF /* Resources */,
			);
			buildRules = (
			);
			dependencies = (
				1D060C472E79BAE2009286AF /* PBXTargetDependency */,
			);
			name = MasterDetailAppTests;
			productName = MasterDetailAppTests;
			productReference = 1D060C452E79BAE2009286AF /* MasterDetailAppTests.xctest */;
			productType = "com.apple.product-type.bundle.unit-test";
		};
		1D060C4E2E79BAE2009286AF /* MasterDetailAppUITests */ = {
			isa = PBXNativeTarget;
			buildConfigurationList = 1D060C5F2E79BAE2009286AF /* Build configuration list for PBXNativeTarget "MasterDetailAppUITests" */;
			buildPhases = (
				1D060C4B2E79BAE2009286AF /* Sources */,
				1D060C4C2E79BAE2009286AF /* Frameworks */,
				1D060C4D2E79BAE2009286AF /* Resources */,
			);
			buildRules = (
			);
			dependencies = (
				1D060C512E79BAE2009286AF /* PBXTargetDependency */,
			);
			name = MasterDetailAppUITests;
			productName = MasterDetailAppUITests;
			productReference = 1D060C4F2E79BAE2009286AF /* MasterDetailAppUITests.xctest */;
			productType = "com.apple.product-type.bundle.ui-testing";
		};
/* End PBXNativeTarget section */

/* Begin PBXProject section */
		1D060C272E79BAE0009286AF /* Project object */ = {
			isa = PBXProject;
			attributes = {
				BuildIndependentTargetsInParallel = 1;
				LastSwiftUpdateCheck = 1520;
				LastUpgradeCheck = 1520;
				TargetAttributes = {
					1D060C2E2E79BAE0009286AF = {
						CreatedOnToolsVersion = 15.2;
					};
					1D060C442E79BAE2009286AF = {
						CreatedOnToolsVersion = 15.2;
						TestTargetID = 1D060C2E2E79BAE0009286AF;
					};
					1D060C4E2E79BAE2009286AF = {
						CreatedOnToolsVersion = 15.2;
						TestTargetID = 1D060C2E2E79BAE0009286AF;
					};
				};
			};
			buildConfigurationList = 1D060C2A2E79BAE0009286AF /* Build configuration list for PBXProject "MasterDetailApp" */;
			compatibilityVersion = "Xcode 14.0";
			developmentRegion = en;
			hasScannedForEncodings = 0;
			knownRegions = (
				en,
				Base,
			);
			mainGroup = 1D060C262E79BAE0009286AF;
			productRefGroup = 1D060C302E79BAE0009286AF /* Products */;
			projectDirPath = "";
			projectRoot = "";
			targets = (
				1D060C2E2E79BAE0009286AF /* MasterDetailApp */,
				1D060C442E79BAE2009286AF /* MasterDetailAppTests */,
				1D060C4E2E79BAE2009286AF /* MasterDetailAppUITests */,
			);
		};
/* End PBXProject section */

/* Begin PBXResourcesBuildPhase section */
		1D060C2D2E79BAE0009286AF /* Resources */ = {
			isa = PBXResourcesBuildPhase;
			buildActionMask = 2147483647;
			files = (
				1D060C3F2E79BAE1009286AF /* LaunchScreen.storyboard in Resources */,
				1D060C3C2E79BAE1009286AF /* Assets.xcassets in Resources */,
				1D060C3A2E79BAE0009286AF /* Main.storyboard in Resources */,
			);
			runOnlyForDeploymentPostprocessing = 0;
		};
		1D060C432E79BAE2009286AF /* Resources */ = {
			isa = PBXResourcesBuildPhase;
			buildActionMask = 2147483647;
			files = (
			);
			runOnlyForDeploymentPostprocessing = 0;
		};
		1D060C4D2E79BAE2009286AF /* Resources */ = {
			isa = PBXResourcesBuildPhase;
			buildActionMask = 2147483647;
			files = (
			);
			runOnlyForDeploymentPostprocessing = 0;
		};
/* End PBXResourcesBuildPhase section */

/* Begin PBXSourcesBuildPhase section */
		1D060C2B2E79BAE0009286AF /* Sources */ = {
			isa = PBXSourcesBuildPhase;
			buildActionMask = 2147483647;
			files = (
				1D060C672E79C05F009286AF /* DetaildViewController.swift in Sources */,
				1D060C652E79BD9C009286AF /* MasterViewController.swift in Sources */,
				1D060C372E79BAE0009286AF /* ViewController.swift in Sources */,
				1D060C332E79BAE0009286AF /* AppDelegate.swift in Sources */,
				1D060C632E79BD0D009286AF /* ItemModel.swift in Sources */,
				1D060C352E79BAE0009286AF /* SceneDelegate.swift in Sources */,
			);
			runOnlyForDeploymentPostprocessing = 0;
		};
		1D060C412E79BAE2009286AF /* Sources */ = {
			isa = PBXSourcesBuildPhase;
			buildActionMask = 2147483647;
			files = (
				1D060C4A2E79BAE2009286AF /* MasterDetailAppTests.swift in Sources */,
			);
			runOnlyForDeploymentPostprocessing = 0;
		};
		1D060C4B2E79BAE2009286AF /* Sources */ = {
			isa = PBXSourcesBuildPhase;
			buildActionMask = 2147483647;
			files = (
				1D060C542E79BAE2009286AF /* MasterDetailAppUITests.swift in Sources */,
				1D060C562E79BAE2009286AF /* MasterDetailAppUITestsLaunchTests.swift in Sources */,
			);
			runOnlyForDeploymentPostprocessing = 0;
		};
/* End PBXSourcesBuildPhase section */

/* Begin PBXTargetDependency section */
		1D060C472E79BAE2009286AF /* PBXTargetDependency */ = {
			isa = PBXTargetDependency;
			target = 1D060C2E2E79BAE0009286AF /* MasterDetailApp */;
			targetProxy = 1D060C462E79BAE2009286AF /* PBXContainerItemProxy */;
		};
		1D060C512E79BAE2009286AF /* PBXTargetDependency */ = {
			isa = PBXTargetDependency;
			target = 1D060C2E2E79BAE0009286AF /* MasterDetailApp */;
			targetProxy = 1D060C502E79BAE2009286AF /* PBXContainerItemProxy */;
		};
/* End PBXTargetDependency section */

/* Begin PBXVariantGroup section */
		1D060C382E79BAE0009286AF /* Main.storyboard */ = {
			isa = PBXVariantGroup;
			children = (
				1D060C392E79BAE0009286AF /* Base */,
			);
			name = Main.storyboard;
			sourceTree = "<group>";
		};
		1D060C3D2E79BAE1009286AF /* LaunchScreen.storyboard */ = {
			isa = PBXVariantGroup;
			children = (
				1D060C3E2E79BAE1009286AF /* Base */,
			);
			name = LaunchScreen.storyboard;
			sourceTree = "<group>";
		};
/* End PBXVariantGroup section */

/* Begin XCBuildConfiguration section */
		1D060C572E79BAE2009286AF /* Debug */ = {
			isa = XCBuildConfiguration;
			buildSettings = {
				ALWAYS_SEARCH_USER_PATHS = NO;
				ASSETCATALOG_COMPILER_GENERATE_SWIFT_ASSET_SYMBOL_EXTENSIONS = YES;
				CLANG_ANALYZER_NONNULL = YES;
				CLANG_ANALYZER_NUMBER_OBJECT_CONVERSION = YES_AGGRESSIVE;
				CLANG_CXX_LANGUAGE_STANDARD = "gnu++20";
				CLANG_ENABLE_MODULES = YES;
				CLANG_ENABLE_OBJC_ARC = YES;
				CLANG_ENABLE_OBJC_WEAK = YES;
				CLANG_WARN_BLOCK_CAPTURE_AUTORELEASING = YES;
				CLANG_WARN_BOOL_CONVERSION = YES;
				CLANG_WARN_COMMA = YES;
				CLANG_WARN_CONSTANT_CONVERSION = YES;
				CLANG_WARN_DEPRECATED_OBJC_IMPLEMENTATIONS = YES;
				CLANG_WARN_DIRECT_OBJC_ISA_USAGE = YES_ERROR;
				CLANG_WARN_DOCUMENTATION_COMMENTS = YES;
				CLANG_WARN_EMPTY_BODY = YES;
				CLANG_WARN_ENUM_CONVERSION = YES;
				CLANG_WARN_INFINITE_RECURSION = YES;
				CLANG_WARN_INT_CONVERSION = YES;
				CLANG_WARN_NON_LITERAL_NULL_CONVERSION = YES;
				CLANG_WARN_OBJC_IMPLICIT_RETAIN_SELF = YES;
				CLANG_WARN_OBJC_LITERAL_CONVERSION = YES;
				CLANG_WARN_OBJC_ROOT_CLASS = YES_ERROR;
				CLANG_WARN_QUOTED_INCLUDE_IN_FRAMEWORK_HEADER = YES;
				CLANG_WARN_RANGE_LOOP_ANALYSIS = YES;
				CLANG_WARN_STRICT_PROTOTYPES = YES;
				CLANG_WARN_SUSPICIOUS_MOVE = YES;
				CLANG_WARN_UNGUARDED_AVAILABILITY = YES_AGGRESSIVE;
				CLANG_WARN_UNREACHABLE_CODE = YES;
				CLANG_WARN__DUPLICATE_METHOD_MATCH = YES;
				COPY_PHASE_STRIP = NO;
				DEBUG_INFORMATION_FORMAT = dwarf;
				ENABLE_STRICT_OBJC_MSGSEND = YES;
				ENABLE_TESTABILITY = YES;
				ENABLE_USER_SCRIPT_SANDBOXING = YES;
				GCC_C_LANGUAGE_STANDARD = gnu17;
				GCC_DYNAMIC_NO_PIC = NO;
				GCC_NO_COMMON_BLOCKS = YES;
				GCC_OPTIMIZATION_LEVEL = 0;
				GCC_PREPROCESSOR_DEFINITIONS = (
					"DEBUG=1",
					"$(inherited)",
				);
				GCC_WARN_64_TO_32_BIT_CONVERSION = YES;
				GCC_WARN_ABOUT_RETURN_TYPE = YES_ERROR;
				GCC_WARN_UNDECLARED_SELECTOR = YES;
				GCC_WARN_UNINITIALIZED_AUTOS = YES_AGGRESSIVE;
				GCC_WARN_UNUSED_FUNCTION = YES;
				GCC_WARN_UNUSED_VARIABLE = YES;
				IPHONEOS_DEPLOYMENT_TARGET = 17.2;
				LOCALIZATION_PREFERS_STRING_CATALOGS = YES;
				MTL_ENABLE_DEBUG_INFO = INCLUDE_SOURCE;
				MTL_FAST_MATH = YES;
				ONLY_ACTIVE_ARCH = YES;
				SDKROOT = iphoneos;
				SWIFT_ACTIVE_COMPILATION_CONDITIONS = "DEBUG $(inherited)";
				SWIFT_OPTIMIZATION_LEVEL = "-Onone";
			};
			name = Debug;
		};
		1D060C582E79BAE2009286AF /* Release */ = {
			isa = XCBuildConfiguration;
			buildSettings = {
				ALWAYS_SEARCH_USER_PATHS = NO;
				ASSETCATALOG_COMPILER_GENERATE_SWIFT_ASSET_SYMBOL_EXTENSIONS = YES;
				CLANG_ANALYZER_NONNULL = YES;
				CLANG_ANALYZER_NUMBER_OBJECT_CONVERSION = YES_AGGRESSIVE;
				CLANG_CXX_LANGUAGE_STANDARD = "gnu++20";
				CLANG_ENABLE_MODULES = YES;
				CLANG_ENABLE_OBJC_ARC = YES;
				CLANG_ENABLE_OBJC_WEAK = YES;
				CLANG_WARN_BLOCK_CAPTURE_AUTORELEASING = YES;
				CLANG_WARN_BOOL_CONVERSION = YES;
				CLANG_WARN_COMMA = YES;
				CLANG_WARN_CONSTANT_CONVERSION = YES;
				CLANG_WARN_DEPRECATED_OBJC_IMPLEMENTATIONS = YES;
				CLANG_WARN_DIRECT_OBJC_ISA_USAGE = YES_ERROR;
				CLANG_WARN_DOCUMENTATION_COMMENTS = YES;
				CLANG_WARN_EMPTY_BODY = YES;
				CLANG_WARN_ENUM_CONVERSION = YES;
				CLANG_WARN_INFINITE_RECURSION = YES;
				CLANG_WARN_INT_CONVERSION = YES;
				CLANG_WARN_NON_LITERAL_NULL_CONVERSION = YES;
				CLANG_WARN_OBJC_IMPLICIT_RETAIN_SELF = YES;
				CLANG_WARN_OBJC_LITERAL_CONVERSION = YES;
				CLANG_WARN_OBJC_ROOT_CLASS = YES_ERROR;
				CLANG_WARN_QUOTED_INCLUDE_IN_FRAMEWORK_HEADER = YES;
				CLANG_WARN_RANGE_LOOP_ANALYSIS = YES;
				CLANG_WARN_STRICT_PROTOTYPES = YES;
				CLANG_WARN_SUSPICIOUS_MOVE = YES;
				CLANG_WARN_UNGUARDED_AVAILABILITY = YES_AGGRESSIVE;
				CLANG_WARN_UNREACHABLE_CODE = YES;
				CLANG_WARN__DUPLICATE_METHOD_MATCH = YES;
				COPY_PHASE_STRIP = NO;
				DEBUG_INFORMATION_FORMAT = "dwarf-with-dsym";
				ENABLE_NS_ASSERTIONS = NO;
				ENABLE_STRICT_OBJC_MSGSEND = YES;
				ENABLE_USER_SCRIPT_SANDBOXING = YES;
				GCC_C_LANGUAGE_STANDARD = gnu17;
				GCC_NO_COMMON_BLOCKS = YES;
				GCC_WARN_64_TO_32_BIT_CONVERSION = YES;
				GCC_WARN_ABOUT_RETURN_TYPE = YES_ERROR;
				GCC_WARN_UNDECLARED_SELECTOR = YES;
				GCC_WARN_UNINITIALIZED_AUTOS = YES_AGGRESSIVE;
				GCC_WARN_UNUSED_FUNCTION = YES;
				GCC_WARN_UNUSED_VARIABLE = YES;
				IPHONEOS_DEPLOYMENT_TARGET = 17.2;
				LOCALIZATION_PREFERS_STRING_CATALOGS = YES;
				MTL_ENABLE_DEBUG_INFO = NO;
				MTL_FAST_MATH = YES;
				SDKROOT = iphoneos;
				SWIFT_COMPILATION_MODE = wholemodule;
				VALIDATE_PRODUCT = YES;
			};
			name = Release;
		};
		1D060C5A2E79BAE2009286AF /* Debug */ = {
			isa = XCBuildConfiguration;
			buildSettings = {
				ASSETCATALOG_COMPILER_APPICON_NAME = AppIcon;
				ASSETCATALOG_COMPILER_GLOBAL_ACCENT_COLOR_NAME = AccentColor;
				CODE_SIGN_STYLE = Automatic;
				CURRENT_PROJECT_VERSION = 1;
				DEVELOPMENT_TEAM = FXXA9A2WBS;
				GENERATE_INFOPLIST_FILE = YES;
				INFOPLIST_FILE = MasterDetailApp/Info.plist;
				INFOPLIST_KEY_UIApplicationSupportsIndirectInputEvents = YES;
				INFOPLIST_KEY_UILaunchStoryboardName = LaunchScreen;
				INFOPLIST_KEY_UIMainStoryboardFile = Main;
				INFOPLIST_KEY_UISupportedInterfaceOrientations_iPad = "UIInterfaceOrientationPortrait UIInterfaceOrientationPortraitUpsideDown UIInterfaceOrientationLandscapeLeft UIInterfaceOrientationLandscapeRight";
				INFOPLIST_KEY_UISupportedInterfaceOrientations_iPhone = "UIInterfaceOrientationPortrait UIInterfaceOrientationLandscapeLeft UIInterfaceOrientationLandscapeRight";
				LD_RUNPATH_SEARCH_PATHS = (
					"$(inherited)",
					"@executable_path/Frameworks",
				);
				MARKETING_VERSION = 1.0;
				PRODUCT_BUNDLE_IDENTIFIER = com.manendra.flightsProject.MasterDetailApp;
				PRODUCT_NAME = "$(TARGET_NAME)";
				SWIFT_EMIT_LOC_STRINGS = YES;
				SWIFT_VERSION = 5.0;
				TARGETED_DEVICE_FAMILY = "1,2";
			};
			name = Debug;
		};
		1D060C5B2E79BAE2009286AF /* Release */ = {
			isa = XCBuildConfiguration;
			buildSettings = {
				ASSETCATALOG_COMPILER_APPICON_NAME = AppIcon;
				ASSETCATALOG_COMPILER_GLOBAL_ACCENT_COLOR_NAME = AccentColor;
				CODE_SIGN_STYLE = Automatic;
				CURRENT_PROJECT_VERSION = 1;
				DEVELOPMENT_TEAM = FXXA9A2WBS;
				GENERATE_INFOPLIST_FILE = YES;
				INFOPLIST_FILE = MasterDetailApp/Info.plist;
				INFOPLIST_KEY_UIApplicationSupportsIndirectInputEvents = YES;
				INFOPLIST_KEY_UILaunchStoryboardName = LaunchScreen;
				INFOPLIST_KEY_UIMainStoryboardFile = Main;
				INFOPLIST_KEY_UISupportedInterfaceOrientations_iPad = "UIInterfaceOrientationPortrait UIInterfaceOrientationPortraitUpsideDown UIInterfaceOrientationLandscapeLeft UIInterfaceOrientationLandscapeRight";
				INFOPLIST_KEY_UISupportedInterfaceOrientations_iPhone = "UIInterfaceOrientationPortrait UIInterfaceOrientationLandscapeLeft UIInterfaceOrientationLandscapeRight";
				LD_RUNPATH_SEARCH_PATHS = (
					"$(inherited)",
					"@executable_path/Frameworks",
				);
				MARKETING_VERSION = 1.0;
				PRODUCT_BUNDLE_IDENTIFIER = com.manendra.flightsProject.MasterDetailApp;
				PRODUCT_NAME = "$(TARGET_NAME)";
				SWIFT_EMIT_LOC_STRINGS = YES;
				SWIFT_VERSION = 5.0;
				TARGETED_DEVICE_FAMILY = "1,2";
			};
			name = Release;
		};
		1D060C5D2E79BAE2009286AF /* Debug */ = {
			isa = XCBuildConfiguration;
			buildSettings = {
				ALWAYS_EMBED_SWIFT_STANDARD_LIBRARIES = YES;
				BUNDLE_LOADER = "$(TEST_HOST)";
				CODE_SIGN_STYLE = Automatic;
				CURRENT_PROJECT_VERSION = 1;
				DEVELOPMENT_TEAM = FXXA9A2WBS;
				GENERATE_INFOPLIST_FILE = YES;
				IPHONEOS_DEPLOYMENT_TARGET = 17.2;
				MARKETING_VERSION = 1.0;
				PRODUCT_BUNDLE_IDENTIFIER = com.manendra.flightsProject.MasterDetailAppTests;
				PRODUCT_NAME = "$(TARGET_NAME)";
				SWIFT_EMIT_LOC_STRINGS = NO;
				SWIFT_VERSION = 5.0;
				TARGETED_DEVICE_FAMILY = "1,2";
				TEST_HOST = "$(BUILT_PRODUCTS_DIR)/MasterDetailApp.app/$(BUNDLE_EXECUTABLE_FOLDER_PATH)/MasterDetailApp";
			};
			name = Debug;
		};
		1D060C5E2E79BAE2009286AF /* Release */ = {
			isa = XCBuildConfiguration;
			buildSettings = {
				ALWAYS_EMBED_SWIFT_STANDARD_LIBRARIES = YES;
				BUNDLE_LOADER = "$(TEST_HOST)";
				CODE_SIGN_STYLE = Automatic;
				CURRENT_PROJECT_VERSION = 1;
				DEVELOPMENT_TEAM = FXXA9A2WBS;
				GENERATE_INFOPLIST_FILE = YES;
				IPHONEOS_DEPLOYMENT_TARGET = 17.2;
				MARKETING_VERSION = 1.0;
				PRODUCT_BUNDLE_IDENTIFIER = com.manendra.flightsProject.MasterDetailAppTests;
				PRODUCT_NAME = "$(TARGET_NAME)";
				SWIFT_EMIT_LOC_STRINGS = NO;
				SWIFT_VERSION = 5.0;
				TARGETED_DEVICE_FAMILY = "1,2";
				TEST_HOST = "$(BUILT_PRODUCTS_DIR)/MasterDetailApp.app/$(BUNDLE_EXECUTABLE_FOLDER_PATH)/MasterDetailApp";
			};
			name = Release;
		};
		1D060C602E79BAE2009286AF /* Debug */ = {
			isa = XCBuildConfiguration;
			buildSettings = {
				ALWAYS_EMBED_SWIFT_STANDARD_LIBRARIES = YES;
				CODE_SIGN_STYLE = Automatic;
				CURRENT_PROJECT_VERSION = 1;
				DEVELOPMENT_TEAM = FXXA9A2WBS;
				GENERATE_INFOPLIST_FILE = YES;
				MARKETING_VERSION = 1.0;
				PRODUCT_BUNDLE_IDENTIFIER = com.manendra.flightsProject.MasterDetailAppUITests;
				PRODUCT_NAME = "$(TARGET_NAME)";
				SWIFT_EMIT_LOC_STRINGS = NO;
				SWIFT_VERSION = 5.0;
				TARGETED_DEVICE_FAMILY = "1,2";
				TEST_TARGET_NAME = MasterDetailApp;
			};
			name = Debug;
		};
		1D060C612E79BAE2009286AF /* Release */ = {
			isa = XCBuildConfiguration;
			buildSettings = {
				ALWAYS_EMBED_SWIFT_STANDARD_LIBRARIES = YES;
				CODE_SIGN_STYLE = Automatic;
				CURRENT_PROJECT_VERSION = 1;
				DEVELOPMENT_TEAM = FXXA9A2WBS;
				GENERATE_INFOPLIST_FILE = YES;
				MARKETING_VERSION = 1.0;
				PRODUCT_BUNDLE_IDENTIFIER = com.manendra.flightsProject.MasterDetailAppUITests;
				PRODUCT_NAME = "$(TARGET_NAME)";
				SWIFT_EMIT_LOC_STRINGS = NO;
				SWIFT_VERSION = 5.0;
				TARGETED_DEVICE_FAMILY = "1,2";
				TEST_TARGET_NAME = MasterDetailApp;
			};
			name = Release;
		};
/* End XCBuildConfiguration section */

/* Begin XCConfigurationList section */
		1D060C2A2E79BAE0009286AF /* Build configuration list for PBXProject "MasterDetailApp" */ = {
			isa = XCConfigurationList;
			buildConfigurations = (
				1D060C572E79BAE2009286AF /* Debug */,
				1D060C582E79BAE2009286AF /* Release */,
			);
			defaultConfigurationIsVisible = 0;
			defaultConfigurationName = Release;
		};
		1D060C592E79BAE2009286AF /* Build configuration list for PBXNativeTarget "MasterDetailApp" */ = {
			isa = XCConfigurationList;
			buildConfigurations = (
				1D060C5A2E79BAE2009286AF /* Debug */,
				1D060C5B2E79BAE2009286AF /* Release */,
			);
			defaultConfigurationIsVisible = 0;
			defaultConfigurationName = Release;
		};
		1D060C5C2E79BAE2009286AF /* Build configuration list for PBXNativeTarget "MasterDetailAppTests" */ = {
			isa = XCConfigurationList;
			buildConfigurations = (
				1D060C5D2E79BAE2009286AF /* Debug */,
				1D060C5E2E79BAE2009286AF /* Release */,
			);
			defaultConfigurationIsVisible = 0;
			defaultConfigurationName = Release;
		};
		1D060C5F2E79BAE2009286AF /* Build configuration list for PBXNativeTarget "MasterDetailAppUITests" */ = {
			isa = XCConfigurationList;
			buildConfigurations = (
				1D060C602E79BAE2009286AF /* Debug */,
				1D060C612E79BAE2009286AF /* Release */,
			);
			defaultConfigurationIsVisible = 0;
			defaultConfigurationName = Release;
		};
/* End XCConfigurationList section */
	};
	rootObject = 1D060C272E79BAE0009286AF /* Project object */;
}
